
Microsoft Visual Studio Solution File, Format Version 12.00
# Visual Studio Version 17
VisualStudioVersion = 17.5.002.0
MinimumVisualStudioVersion = 10.0.40219.1
Project("{9A19103F-16F7-4668-BE54-9A1E7A4F7556}") = "CoolBlazor", "CoolBlazor.csproj", "{98991819-988C-4A05-A745-C1AF8A317BA1}"
EndProject
Global
	GlobalSection(SolutionConfigurationPlatforms) = preSolution
		Debug|Any CPU = Debug|Any CPU
		Release|Any CPU = Release|Any CPU
	EndGlobalSection
	GlobalSection(ProjectConfigurationPlatforms) = postSolution
		{98991819-988C-4A05-A745-C1AF8A317BA1}.Debug|Any CPU.ActiveCfg = Debug|Any CPU
		{98991819-988C-4A05-A745-C1AF8A317BA1}.Debug|Any CPU.Build.0 = Debug|Any CPU
		{98991819-988C-4A05-A745-C1AF8A317BA1}.Release|Any CPU.ActiveCfg = Release|Any CPU
		{98991819-988C-4A05-A745-C1AF8A317BA1}.Release|Any CPU.Build.0 = Release|Any CPU
	EndGlobalSection
	GlobalSection(SolutionProperties) = preSolution
		HideSolutionNode = FALSE
	EndGlobalSection
	GlobalSection(ExtensibilityGlobals) = postSolution
		SolutionGuid = {D0A10FAB-A959-4D6D-9292-CF7902B91BF4}
	EndGlobalSection
EndGlobal
