
Microsoft Visual Studio Solution File, Format Version 12.00
# Visual Studio Version 16
VisualStudioVersion = 25.0.1706.4
MinimumVisualStudioVersion = 10.0.40219.1
Project("{FAE04EC0-301F-11D3-BF4B-00C04F79EFBC}") = "CoolWebApi", "CoolWebApi\CoolWebApi.csproj", "{71BD118A-8F66-4DDC-A8B7-D24251475181}"
EndProject
Global
	GlobalSection(SolutionConfigurationPlatforms) = preSolution
		Debug|Any CPU = Debug|Any CPU
		Release|Any CPU = Release|Any CPU
	EndGlobalSection
	GlobalSection(ProjectConfigurationPlatforms) = postSolution
		{71BD118A-8F66-4DDC-A8B7-D24251475181}.Debug|Any CPU.ActiveCfg = Debug|Any CPU
		{71BD118A-8F66-4DDC-A8B7-D24251475181}.Debug|Any CPU.Build.0 = Debug|Any CPU
		{71BD118A-8F66-4DDC-A8B7-D24251475181}.Release|Any CPU.ActiveCfg = Release|Any CPU
		{71BD118A-8F66-4DDC-A8B7-D24251475181}.Release|Any CPU.Build.0 = Release|Any CPU
	EndGlobalSection
	GlobalSection(SolutionProperties) = preSolution
		HideSolutionNode = FALSE
	EndGlobalSection
	GlobalSection(ExtensibilityGlobals) = postSolution
		SolutionGuid = {33485321-1900-41B0-95A7-E86524C7229D}
	EndGlobalSection
EndGlobal
